# This file is automatically @generated by Cargo.
# It is not intended for manual editing.
version = 4

[[package]]
name = "gdaudio"
version = "0.1.0"
dependencies = [
 "gdcore",
]

[[package]]
name = "gdcore"
version = "0.1.0"

[[package]]
name = "gdeditor"
version = "0.1.0"
dependencies = [
 "gdcore",
 "gdobject",
 "gdscene",
]

[[package]]
name = "gdobject"
version = "0.1.0"
dependencies = [
 "gdcore",
 "gdvariant",
]

[[package]]
name = "gdphysics2d"
version = "0.1.0"
dependencies = [
 "gdcore",
 "gdvariant",
]

[[package]]
name = "gdplatform"
version = "0.1.0"
dependencies = [
 "gdcore",
]

[[package]]
name = "gdrender2d"
version = "0.1.0"
dependencies = [
 "gdcore",
 "gdserver2d",
]

[[package]]
name = "gdresource"
version = "0.1.0"
dependencies = [
 "gdcore",
 "gdobject",
 "gdvariant",
]

[[package]]
name = "gdscene"
version = "0.1.0"
dependencies = [
 "gdcore",
 "gdobject",
 "gdresource",
 "gdvariant",
]

[[package]]
name = "gdscript-interop"
version = "0.1.0"
dependencies = [
 "gdcore",
 "gdobject",
 "gdvariant",
]

[[package]]
name = "gdserver2d"
version = "0.1.0"
dependencies = [
 "gdcore",
 "gdvariant",
]

[[package]]
name = "gdvariant"
version = "0.1.0"
dependencies = [
 "gdcore",
]
